# @generated - this file is auto-generated by `mise lock` https://mise.jdx.dev/dev-tools/mise-lock.html

lockfile_version = 2

[[tools."aqua:google/keep-sorted"]]
version = "0.10.0"
backend = "aqua:google/keep-sorted"
specifiers = ["latest"]

[[tools."aqua:numtide/treefmt"]]
version = "2.6.0"
backend = "aqua:numtide/treefmt"
specifiers = ["2.6.0"]

[[tools."aqua:owenlamont/ryl"]]
version = "0.22.0"
backend = "aqua:owenlamont/ryl"
specifiers = ["latest"]

[[tools.betterleaks]]
version = "1.8.1"
backend = "aqua:betterleaks/betterleaks"
specifiers = ["latest"]

[[tools.bun]]
version = "1.4.2"
backend = "core:bun"
specifiers = ["latest"]

[[tools.cocogitto]]
version = "7.0.0"
backend = "aqua:cocogitto/cocogitto"
specifiers = ["latest"]

[[tools.cspell]]
version = "10.3.3~aube~37e8d600e47777b1"
backend = "npm:cspell"
specifiers = ["latest"]

[[tools.git-cliff]]
version = "2.14.1"
backend = "aqua:orhun/git-cliff"
specifiers = ["latest"]

[[tools."github:infragate/capa"]]
version = "2.2.1"
backend = "github:infragate/capa"
specifiers = ["2.2.1"]

[[tools.hk]]
version = "2.0.1"
backend = "packslip:github.com/jdx/hk"
specifiers = ["2.0.1"]

[[tools.ls-lint]]
version = "2.3.1"
backend = "aqua:loeffel-io/ls-lint"
specifiers = ["latest"]

[[tools."npm:sort-package-json"]]
version = "4.0.0~aube~7ff3201d6dd92a71"
backend = "npm:sort-package-json"
specifiers = ["latest"]

[[tools."pipx:yamlfix"]]
version = "1.19.1~uv~af4fda79e6ee67e8"
backend = "pipx:yamlfix"
specifiers = ["latest"]

[[tools.pkl]]
version = "0.32.1"
backend = "aqua:apple/pkl"
specifiers = ["latest"]

[[tools.prettier]]
version = "3.9.7~aube~c0dbfb496bbeb0bc"
backend = "npm:prettier"
specifiers = ["latest"]

[[tools.ruff]]
version = "0.16.7"
backend = "aqua:astral-sh/ruff"
specifiers = ["latest"]

[[tools.rumdl]]
version = "0.2.73"
backend = "aqua:rvben/rumdl"
specifiers = ["latest"]

[[tools.tombi]]
version = "1.5.5"
backend = "aqua:tombi-toml/tombi"
specifiers = ["latest"]

[[tools.typos]]
version = "1.50.2"
backend = "aqua:crate-ci/typos"
specifiers = ["latest"]

[[tools.typstyle]]
version = "0.15.1"
backend = "aqua:typstyle-rs/typstyle"
specifiers = ["latest"]

[[tools.uv]]
version = "0.12.15"
backend = "aqua:astral-sh/uv"
specifiers = ["latest"]

[[tools.yq]]
version = "4.53.6"
backend = "aqua:mikefarah/yq"
specifiers = ["latest"]
