---
apm_version: 0.30.0
dependencies:
  - content_hash: sha256:2607fc60629b82b257136dd2a7a373f0a4466c0b49df7746d845d59313c99b21
    deployed_file_hashes:
      .agents/skills/git-commit/SKILL.md: sha256:554d1a3c6d95f15bc1170160659ecdc9a9958b64f377f3988941b672c249b13f
      .claude/skills/git-commit/SKILL.md: sha256:554d1a3c6d95f15bc1170160659ecdc9a9958b64f377f3988941b672c249b13f
    deployed_files:
      - .agents/skills/git-commit
      - .agents/skills/git-commit/SKILL.md
      - .claude/skills/git-commit
      - .claude/skills/git-commit/SKILL.md
    host: github.com
    is_virtual: true
    name: git-commit
    package_type: claude_skill
    repo_url: github/awesome-copilot
    resolved_commit: f95f1b4c3b153984e3da2744cef395c2355d0a44
    skill_subset:
      - git-commit
    version: unknown
    virtual_path: skills/git-commit
  - content_hash: sha256:0223469d68cf81897d72de3d843ec12e3521c4aa854b21ba2b0825e995be4507
    declared_license: AGPL-3.0
    host: github.com
    name: megalinter
    package_type: agent_plugin
    repo_url: oxsecurity/megalinter
    resolved_commit: 9949bad031045f366be2467e00e8371a7328a2e2
    resolved_ref: v10.1.0
    version: 1.0.5
  - content_hash: sha256:913b9d37d0d54047dd65222bb8c67b2bf04e3cb87dcad1729068d7a8b2c8c396
    deployed_file_hashes:
      .agents/skills/find-skills/SKILL.md: sha256:c00eeea0e13e74fe4a9d84ba0a8542205a1b736d65f13134fe1a6647eb14976f
      .claude/skills/find-skills/SKILL.md: sha256:c00eeea0e13e74fe4a9d84ba0a8542205a1b736d65f13134fe1a6647eb14976f
    deployed_files:
      - .agents/skills/find-skills
      - .agents/skills/find-skills/SKILL.md
      - .claude/skills/find-skills
      - .claude/skills/find-skills/SKILL.md
    host: github.com
    is_virtual: true
    name: find-skills
    package_type: claude_skill
    repo_url: vercel-labs/skills
    resolved_commit: 1682051d48c34f5eb135e6475c1a965dce05e820
    resolved_ref: v1.5.24
    skill_subset:
      - find-skills
    version: unknown
    virtual_path: skills/find-skills
deployments:
  - active_owner: vercel-labs/skills/skills/find-skills
    content_hash:
    kind: project-relative
    owners:
      - vercel-labs/skills/skills/find-skills
    runtime:
    scope: project
    target: antigravity
    value: .agents/skills/find-skills
  - active_owner: vercel-labs/skills/skills/find-skills
    content_hash: sha256:c00eeea0e13e74fe4a9d84ba0a8542205a1b736d65f13134fe1a6647eb14976f
    kind: project-relative
    owners:
      - vercel-labs/skills/skills/find-skills
    runtime:
    scope: project
    target: antigravity
    value: .agents/skills/find-skills/SKILL.md
  - active_owner: github/awesome-copilot/skills/git-commit
    content_hash:
    kind: project-relative
    owners:
      - github/awesome-copilot/skills/git-commit
    runtime:
    scope: project
    target: antigravity
    value: .agents/skills/git-commit
  - active_owner: github/awesome-copilot/skills/git-commit
    content_hash: sha256:554d1a3c6d95f15bc1170160659ecdc9a9958b64f377f3988941b672c249b13f
    kind: project-relative
    owners:
      - github/awesome-copilot/skills/git-commit
    runtime:
    scope: project
    target: antigravity
    value: .agents/skills/git-commit/SKILL.md
  - active_owner: vercel-labs/skills/skills/find-skills
    content_hash:
    kind: project-relative
    owners:
      - vercel-labs/skills/skills/find-skills
    runtime:
    scope: project
    target: claude
    value: .claude/skills/find-skills
  - active_owner: vercel-labs/skills/skills/find-skills
    content_hash: sha256:c00eeea0e13e74fe4a9d84ba0a8542205a1b736d65f13134fe1a6647eb14976f
    kind: project-relative
    owners:
      - vercel-labs/skills/skills/find-skills
    runtime:
    scope: project
    target: claude
    value: .claude/skills/find-skills/SKILL.md
  - active_owner: github/awesome-copilot/skills/git-commit
    content_hash:
    kind: project-relative
    owners:
      - github/awesome-copilot/skills/git-commit
    runtime:
    scope: project
    target: claude
    value: .claude/skills/git-commit
  - active_owner: github/awesome-copilot/skills/git-commit
    content_hash: sha256:554d1a3c6d95f15bc1170160659ecdc9a9958b64f377f3988941b672c249b13f
    kind: project-relative
    owners:
      - github/awesome-copilot/skills/git-commit
    runtime:
    scope: project
    target: claude
    value: .claude/skills/git-commit/SKILL.md
  - active_owner: .
    content_hash:
    kind: uri
    owners:
      - .
    runtime: antigravity
    scope: project
    target: mcp
    value: hk
  - active_owner: .
    content_hash:
    kind: uri
    owners:
      - .
    runtime: antigravity
    scope: project
    target: mcp
    value: mise
  - active_owner: .
    content_hash:
    kind: uri
    owners:
      - .
    runtime: claude
    scope: project
    target: mcp
    value: hk
  - active_owner: .
    content_hash:
    kind: uri
    owners:
      - .
    runtime: claude
    scope: project
    target: mcp
    value: mise
  - active_owner: .
    content_hash:
    kind: uri
    owners:
      - .
    runtime: codex
    scope: project
    target: mcp
    value: hk
  - active_owner: .
    content_hash:
    kind: uri
    owners:
      - .
    runtime: codex
    scope: project
    target: mcp
    value: mise
  - active_owner: .
    content_hash:
    kind: uri
    owners:
      - .
    runtime: cursor
    scope: project
    target: mcp
    value: hk
  - active_owner: .
    content_hash:
    kind: uri
    owners:
      - .
    runtime: cursor
    scope: project
    target: mcp
    value: mise
  - active_owner: .
    content_hash:
    kind: uri
    owners:
      - .
    runtime: opencode
    scope: project
    target: mcp
    value: hk
  - active_owner: .
    content_hash:
    kind: uri
    owners:
      - .
    runtime: opencode
    scope: project
    target: mcp
    value: mise
lockfile_version: "1"
mcp_configs:
  hk:
    args:
      - mcp
    command: hk
    name: hk
    registry: false
    transport: stdio
  mise:
    args:
      - mcp
    command: mise
    name: mise
    registry: false
    transport: stdio
mcp_servers:
  - hk
  - mise
mcp_target_servers:
  antigravity:
    - hk
    - mise
  claude:
    - hk
    - mise
  codex:
    - hk
    - mise
  cursor:
    - hk
    - mise
  opencode:
    - hk
    - mise
